
Microsoft Visual Studio Solution File, Format Version 12.00
# Visual Studio Version 17
VisualStudioVersion = 17.5.002.0
MinimumVisualStudioVersion = 10.0.40219.1
Project("{9A19103F-16F7-4668-BE54-9A1E7A4F7556}") = "MonoGame.Library.FreeImage", "MonoGame.Library.FreeImage.csproj", "{BDCB99F0-8B7A-41FE-AE41-2D31AB0E9AA2}"
EndProject
Global
	GlobalSection(SolutionConfigurationPlatforms) = preSolution
		Debug|Any CPU = Debug|Any CPU
		Release|Any CPU = Release|Any CPU
	EndGlobalSection
	GlobalSection(ProjectConfigurationPlatforms) = postSolution
		{BDCB99F0-8B7A-41FE-AE41-2D31AB0E9AA2}.Debug|Any CPU.ActiveCfg = Debug|Any CPU
		{BDCB99F0-8B7A-41FE-AE41-2D31AB0E9AA2}.Debug|Any CPU.Build.0 = Debug|Any CPU
		{BDCB99F0-8B7A-41FE-AE41-2D31AB0E9AA2}.Release|Any CPU.ActiveCfg = Release|Any CPU
		{BDCB99F0-8B7A-41FE-AE41-2D31AB0E9AA2}.Release|Any CPU.Build.0 = Release|Any CPU
	EndGlobalSection
	GlobalSection(SolutionProperties) = preSolution
		HideSolutionNode = FALSE
	EndGlobalSection
	GlobalSection(ExtensibilityGlobals) = postSolution
		SolutionGuid = {BE857E12-FB97-4438-A053-FF0106751200}
	EndGlobalSection
EndGlobal
